// !$*UTF8*$!
{
	archiveVersion = 1;
	classes = {
	};
	objectVersion = 56;
	objects = {

/* Begin PBXBuildFile section */
		D4DBBD712A714AE900F35B09 /* EditColorApp.swift in Sources */ = {isa = PBXBuildFile; fileRef = D4DBBD702A714AE900F35B09 /* EditColorApp.swift */; };
		D4DBBD732A714AE900F35B09 /* ContentView.swift in Sources */ = {isa = PBXBuildFile; fileRef = D4DBBD722A714AE900F35B09 /* ContentView.swift */; };
		D4DBBD752A714AEA00F35B09 /* Assets.xcassets in Resources */ = {isa = PBXBuildFile; fileRef = D4DBBD742A714AEA00F35B09 /* Assets.xcassets */; };
		D4DBBD782A714AEA00F35B09 /* Preview Assets.xcassets in Resources */ = {isa = PBXBuildFile; fileRef = D4DBBD772A714AEA00F35B09 /* Preview Assets.xcassets */; };
		D4DBBD822A714AEA00F35B09 /* EditColorTests.swift in Sources */ = {isa = PBXBuildFile; fileRef = D4DBBD812A714AEA00F35B09 /* EditColorTests.swift */; };
		D4DBBD8C2A714AEA00F35B09 /* EditColorUITests.swift in Sources */ = {isa = PBXBuildFile; fileRef = D4DBBD8B2A714AEA00F35B09 /* EditColorUITests.swift */; };
		D4DBBD8E2A714AEA00F35B09 /* EditColorUITestsLaunchTests.swift in Sources */ = {isa = PBXBuildFile; fileRef = D4DBBD8D2A714AEA00F35B09 /* EditColorUITestsLaunchTests.swift */; };
/* End PBXBuildFile section */

/* Begin PBXContainerItemProxy section */
		D4DBBD7E2A714AEA00F35B09 /* PBXContainerItemProxy */ = {
			isa = PBXContainerItemProxy;
			containerPortal = D4DBBD652A714AE900F35B09 /* Project object */;
			proxyType = 1;
			remoteGlobalIDString = D4DBBD6C2A714AE900F35B09;
			remoteInfo = EditColor;
		};
		D4DBBD882A714AEA00F35B09 /* PBXContainerItemProxy */ = {
			isa = PBXContainerItemProxy;
			containerPortal = D4DBBD652A714AE900F35B09 /* Project object */;
			proxyType = 1;
			remoteGlobalIDString = D4DBBD6C2A714AE900F35B09;
			remoteInfo = EditColor;
		};
/* End PBXContainerItemProxy section */

/* Begin PBXFileReference section */
		D4DBBD6D2A714AE900F35B09 /* EditColor.app */ = {isa = PBXFileReference; explicitFileType = wrapper.application; includeInIndex = 0; path = EditColor.app; sourceTree = BUILT_PRODUCTS_DIR; };
		D4DBBD702A714AE900F35B09 /* EditColorApp.swift */ = {isa = PBXFileReference; lastKnownFileType = sourcecode.swift; path = EditColorApp.swift; sourceTree = "<group>"; };
		D4DBBD722A714AE900F35B09 /* ContentView.swift */ = {isa = PBXFileReference; lastKnownFileType = sourcecode.swift; path = ContentView.swift; sourceTree = "<group>"; };
		D4DBBD742A714AEA00F35B09 /* Assets.xcassets */ = {isa = PBXFileReference; lastKnownFileType = folder.assetcatalog; path = Assets.xcassets; sourceTree = "<group>"; };
		D4DBBD772A714AEA00F35B09 /* Preview Assets.xcassets */ = {isa = PBXFileReference; lastKnownFileType = folder.assetcatalog; path = "Preview Assets.xcassets"; sourceTree = "<group>"; };
		D4DBBD7D2A714AEA00F35B09 /* EditColorTests.xctest */ = {isa = PBXFileReference; explicitFileType = wrapper.cfbundle; includeInIndex = 0; path = EditColorTests.xctest; sourceTree = BUILT_PRODUCTS_DIR; };
		D4DBBD812A714AEA00F35B09 /* EditColorTests.swift */ = {isa = PBXFileReference; lastKnownFileType = sourcecode.swift; path = EditColorTests.swift; sourceTree = "<group>"; };
		D4DBBD872A714AEA00F35B09 /* EditColorUITests.xctest */ = {isa = PBXFileReference; explicitFileType = wrapper.cfbundle; includeInIndex = 0; path = EditColorUITests.xctest; sourceTree = BUILT_PRODUCTS_DIR; };
		D4DBBD8B2A714AEA00F35B09 /* EditColorUITests.swift */ = {isa = PBXFileReference; lastKnownFileType = sourcecode.swift; path = EditColorUITests.swift; sourceTree = "<group>"; };
		D4DBBD8D2A714AEA00F35B09 /* EditColorUITestsLaunchTests.swift */ = {isa = PBXFileReference; lastKnownFileType = sourcecode.swift; path = EditColorUITestsLaunchTests.swift; sourceTree = "<group>"; };
/* End PBXFileReference section */

/* Begin PBXFrameworksBuildPhase section */
		D4DBBD6A2A714AE900F35B09 /* Frameworks */ = {
			isa = PBXFrameworksBuildPhase;
			buildActionMask = 2147483647;
			files = (
			);
			runOnlyForDeploymentPostprocessing = 0;
		};
		D4DBBD7A2A714AEA00F35B09 /* Frameworks */ = {
			isa = PBXFrameworksBuildPhase;
			buildActionMask = 2147483647;
			files = (
			);
			runOnlyForDeploymentPostprocessing = 0;
		};
		D4DBBD842A714AEA00F35B09 /* Frameworks */ = {
			isa = PBXFrameworksBuildPhase;
			buildActionMask = 2147483647;
			files = (
			);
			runOnlyForDeploymentPostprocessing = 0;
		};
/* End PBXFrameworksBuildPhase section */

/* Begin PBXGroup section */
		D4DBBD642A714AE900F35B09 = {
			isa = PBXGroup;
			children = (
				D4DBBD6F2A714AE900F35B09 /* EditColor */,
				D4DBBD802A714AEA00F35B09 /* EditColorTests */,
				D4DBBD8A2A714AEA00F35B09 /* EditColorUITests */,
				D4DBBD6E2A714AE900F35B09 /* Products */,
			);
			sourceTree = "<group>";
		};
		D4DBBD6E2A714AE900F35B09 /* Products */ = {
			isa = PBXGroup;
			children = (
				D4DBBD6D2A714AE900F35B09 /* EditColor.app */,
				D4DBBD7D2A714AEA00F35B09 /* EditColorTests.xctest */,
				D4DBBD872A714AEA00F35B09 /* EditColorUITests.xctest */,
			);
			name = Products;
			sourceTree = "<group>";
		};
		D4DBBD6F2A714AE900F35B09 /* EditColor */ = {
			isa = PBXGroup;
			children = (
				D4DBBD702A714AE900F35B09 /* EditColorApp.swift */,
				D4DBBD722A714AE900F35B09 /* ContentView.swift */,
				D4DBBD742A714AEA00F35B09 /* Assets.xcassets */,
				D4DBBD762A714AEA00F35B09 /* Preview Content */,
			);
			path = EditColor;
			sourceTree = "<group>";
		};
		D4DBBD762A714AEA00F35B09 /* Preview Content */ = {
			isa = PBXGroup;
			children = (
				D4DBBD772A714AEA00F35B09 /* Preview Assets.xcassets */,
			);
			path = "Preview Content";
			sourceTree = "<group>";
		};
		D4DBBD802A714AEA00F35B09 /* EditColorTests */ = {
			isa = PBXGroup;
			children = (
				D4DBBD812A714AEA00F35B09 /* EditColorTests.swift */,
			);
			path = EditColorTests;
			sourceTree = "<group>";
		};
		D4DBBD8A2A714AEA00F35B09 /* EditColorUITests */ = {
			isa = PBXGroup;
			children = (
				D4DBBD8B2A714AEA00F35B09 /* EditColorUITests.swift */,
				D4DBBD8D2A714AEA00F35B09 /* EditColorUITestsLaunchTests.swift */,
			);
			path = EditColorUITests;
			sourceTree = "<group>";
		};
/* End PBXGroup section */

/* Begin PBXNativeTarget section */
		D4DBBD6C2A714AE900F35B09 /* EditColor */ = {
			isa = PBXNativeTarget;
			buildConfigurationList = D4DBBD912A714AEA00F35B09 /* Build configuration list for PBXNativeTarget "EditColor" */;
			buildPhases = (
				D4DBBD692A714AE900F35B09 /* Sources */,
				D4DBBD6A2A714AE900F35B09 /* Frameworks */,
				D4DBBD6B2A714AE900F35B09 /* Resources */,
			);
			buildRules = (
			);
			dependencies = (
			);
			name = EditColor;
			productName = EditColor;
			productReference = D4DBBD6D2A714AE900F35B09 /* EditColor.app */;
			productType = "com.apple.product-type.application";
		};
		D4DBBD7C2A714AEA00F35B09 /* EditColorTests */ = {
			isa = PBXNativeTarget;
			buildConfigurationList = D4DBBD942A714AEA00F35B09 /* Build configuration list for PBXNativeTarget "EditColorTests" */;
			buildPhases = (
				D4DBBD792A714AEA00F35B09 /* Sources */,
				D4DBBD7A2A714AEA00F35B09 /* Frameworks */,
				D4DBBD7B2A714AEA00F35B09 /* Resources */,
			);
			buildRules = (
			);
			dependencies = (
				D4DBBD7F2A714AEA00F35B09 /* PBXTargetDependency */,
			);
			name = EditColorTests;
			productName = EditColorTests;
			productReference = D4DBBD7D2A714AEA00F35B09 /* EditColorTests.xctest */;
			productType = "com.apple.product-type.bundle.unit-test";
		};
		D4DBBD862A714AEA00F35B09 /* EditColorUITests */ = {
			isa = PBXNativeTarget;
			buildConfigurationList = D4DBBD972A714AEA00F35B09 /* Build configuration list for PBXNativeTarget "EditColorUITests" */;
			buildPhases = (
				D4DBBD832A714AEA00F35B09 /* Sources */,
				D4DBBD842A714AEA00F35B09 /* Frameworks */,
				D4DBBD852A714AEA00F35B09 /* Resources */,
			);
			buildRules = (
			);
			dependencies = (
				D4DBBD892A714AEA00F35B09 /* PBXTargetDependency */,
			);
			name = EditColorUITests;
			productName = EditColorUITests;
			productReference = D4DBBD872A714AEA00F35B09 /* EditColorUITests.xctest */;
			productType = "com.apple.product-type.bundle.ui-testing";
		};
/* End PBXNativeTarget section */

/* Begin PBXProject section */
		D4DBBD652A714AE900F35B09 /* Project object */ = {
			isa = PBXProject;
			attributes = {
				BuildIndependentTargetsInParallel = 1;
				LastSwiftUpdateCheck = 1430;
				LastUpgradeCheck = 1430;
				TargetAttributes = {
					D4DBBD6C2A714AE900F35B09 = {
						CreatedOnToolsVersion = 14.3.1;
					};
					D4DBBD7C2A714AEA00F35B09 = {
						CreatedOnToolsVersion = 14.3.1;
						TestTargetID = D4DBBD6C2A714AE900F35B09;
					};
					D4DBBD862A714AEA00F35B09 = {
						CreatedOnToolsVersion = 14.3.1;
						TestTargetID = D4DBBD6C2A714AE900F35B09;
					};
				};
			};
			buildConfigurationList = D4DBBD682A714AE900F35B09 /* Build configuration list for PBXProject "EditColor" */;
			compatibilityVersion = "Xcode 14.0";
			developmentRegion = en;
			hasScannedForEncodings = 0;
			knownRegions = (
				en,
				Base,
			);
			mainGroup = D4DBBD642A714AE900F35B09;
			productRefGroup = D4DBBD6E2A714AE900F35B09 /* Products */;
			projectDirPath = "";
			projectRoot = "";
			targets = (
				D4DBBD6C2A714AE900F35B09 /* EditColor */,
				D4DBBD7C2A714AEA00F35B09 /* EditColorTests */,
				D4DBBD862A714AEA00F35B09 /* EditColorUITests */,
			);
		};
/* End PBXProject section */

/* Begin PBXResourcesBuildPhase section */
		D4DBBD6B2A714AE900F35B09 /* Resources */ = {
			isa = PBXResourcesBuildPhase;
			buildActionMask = 2147483647;
			files = (
				D4DBBD782A714AEA00F35B09 /* Preview Assets.xcassets in Resources */,
				D4DBBD752A714AEA00F35B09 /* Assets.xcassets in Resources */,
			);
			runOnlyForDeploymentPostprocessing = 0;
		};
		D4DBBD7B2A714AEA00F35B09 /* Resources */ = {
			isa = PBXResourcesBuildPhase;
			buildActionMask = 2147483647;
			files = (
			);
			runOnlyForDeploymentPostprocessing = 0;
		};
		D4DBBD852A714AEA00F35B09 /* Resources */ = {
			isa = PBXResourcesBuildPhase;
			buildActionMask = 2147483647;
			files = (
			);
			runOnlyForDeploymentPostprocessing = 0;
		};
/* End PBXResourcesBuildPhase section */

/* Begin PBXSourcesBuildPhase section */
		D4DBBD692A714AE900F35B09 /* Sources */ = {
			isa = PBXSourcesBuildPhase;
			buildActionMask = 2147483647;
			files = (
				D4DBBD732A714AE900F35B09 /* ContentView.swift in Sources */,
				D4DBBD712A714AE900F35B09 /* EditColorApp.swift in Sources */,
			);
			runOnlyForDeploymentPostprocessing = 0;
		};
		D4DBBD792A714AEA00F35B09 /* Sources */ = {
			isa = PBXSourcesBuildPhase;
			buildActionMask = 2147483647;
			files = (
				D4DBBD822A714AEA00F35B09 /* EditColorTests.swift in Sources */,
			);
			runOnlyForDeploymentPostprocessing = 0;
		};
		D4DBBD832A714AEA00F35B09 /* Sources */ = {
			isa = PBXSourcesBuildPhase;
			buildActionMask = 2147483647;
			files = (
				D4DBBD8E2A714AEA00F35B09 /* EditColorUITestsLaunchTests.swift in Sources */,
				D4DBBD8C2A714AEA00F35B09 /* EditColorUITests.swift in Sources */,
			);
			runOnlyForDeploymentPostprocessing = 0;
		};
/* End PBXSourcesBuildPhase section */

/* Begin PBXTargetDependency section */
		D4DBBD7F2A714AEA00F35B09 /* PBXTargetDependency */ = {
			isa = PBXTargetDependency;
			target = D4DBBD6C2A714AE900F35B09 /* EditColor */;
			targetProxy = D4DBBD7E2A714AEA00F35B09 /* PBXContainerItemProxy */;
		};
		D4DBBD892A714AEA00F35B09 /* PBXTargetDependency */ = {
			isa = PBXTargetDependency;
			target = D4DBBD6C2A714AE900F35B09 /* EditColor */;
			targetProxy = D4DBBD882A714AEA00F35B09 /* PBXContainerItemProxy */;
		};
/* End PBXTargetDependency section */

/* Begin XCBuildConfiguration section */
		D4DBBD8F2A714AEA00F35B09 /* Debug */ = {
			isa = XCBuildConfiguration;
			buildSettings = {
				ALWAYS_SEARCH_USER_PATHS = NO;
				CLANG_ANALYZER_NONNULL = YES;
				CLANG_ANALYZER_NUMBER_OBJECT_CONVERSION = YES_AGGRESSIVE;
				CLANG_CXX_LANGUAGE_STANDARD = "gnu++20";
				CLANG_ENABLE_MODULES = YES;
				CLANG_ENABLE_OBJC_ARC = YES;
				CLANG_ENABLE_OBJC_WEAK = YES;
				CLANG_WARN_BLOCK_CAPTURE_AUTORELEASING = YES;
				CLANG_WARN_BOOL_CONVERSION = YES;
				CLANG_WARN_COMMA = YES;
				CLANG_WARN_CONSTANT_CONVERSION = YES;
				CLANG_WARN_DEPRECATED_OBJC_IMPLEMENTATIONS = YES;
				CLANG_WARN_DIRECT_OBJC_ISA_USAGE = YES_ERROR;
				CLANG_WARN_DOCUMENTATION_COMMENTS = YES;
				CLANG_WARN_EMPTY_BODY = YES;
				CLANG_WARN_ENUM_CONVERSION = YES;
				CLANG_WARN_INFINITE_RECURSION = YES;
				CLANG_WARN_INT_CONVERSION = YES;
				CLANG_WARN_NON_LITERAL_NULL_CONVERSION = YES;
				CLANG_WARN_OBJC_IMPLICIT_RETAIN_SELF = YES;
				CLANG_WARN_OBJC_LITERAL_CONVERSION = YES;
				CLANG_WARN_OBJC_ROOT_CLASS = YES_ERROR;
				CLANG_WARN_QUOTED_INCLUDE_IN_FRAMEWORK_HEADER = YES;
				CLANG_WARN_RANGE_LOOP_ANALYSIS = YES;
				CLANG_WARN_STRICT_PROTOTYPES = YES;
				CLANG_WARN_SUSPICIOUS_MOVE = YES;
				CLANG_WARN_UNGUARDED_AVAILABILITY = YES_AGGRESSIVE;
				CLANG_WARN_UNREACHABLE_CODE = YES;
				CLANG_WARN__DUPLICATE_METHOD_MATCH = YES;
				COPY_PHASE_STRIP = NO;
				DEBUG_INFORMATION_FORMAT = dwarf;
				ENABLE_STRICT_OBJC_MSGSEND = YES;
				ENABLE_TESTABILITY = YES;
				GCC_C_LANGUAGE_STANDARD = gnu11;
				GCC_DYNAMIC_NO_PIC = NO;
				GCC_NO_COMMON_BLOCKS = YES;
				GCC_OPTIMIZATION_LEVEL = 0;
				GCC_PREPROCESSOR_DEFINITIONS = (
					"DEBUG=1",
					"$(inherited)",
				);
				GCC_WARN_64_TO_32_BIT_CONVERSION = YES;
				GCC_WARN_ABOUT_RETURN_TYPE = YES_ERROR;
				GCC_WARN_UNDECLARED_SELECTOR = YES;
				GCC_WARN_UNINITIALIZED_AUTOS = YES_AGGRESSIVE;
				GCC_WARN_UNUSED_FUNCTION = YES;
				GCC_WARN_UNUSED_VARIABLE = YES;
				IPHONEOS_DEPLOYMENT_TARGET = 16.4;
				MTL_ENABLE_DEBUG_INFO = INCLUDE_SOURCE;
				MTL_FAST_MATH = YES;
				ONLY_ACTIVE_ARCH = YES;
				SDKROOT = iphoneos;
				SWIFT_ACTIVE_COMPILATION_CONDITIONS = DEBUG;
				SWIFT_OPTIMIZATION_LEVEL = "-Onone";
			};
			name = Debug;
		};
		D4DBBD902A714AEA00F35B09 /* Release */ = {
			isa = XCBuildConfiguration;
			buildSettings = {
				ALWAYS_SEARCH_USER_PATHS = NO;
				CLANG_ANALYZER_NONNULL = YES;
				CLANG_ANALYZER_NUMBER_OBJECT_CONVERSION = YES_AGGRESSIVE;
				CLANG_CXX_LANGUAGE_STANDARD = "gnu++20";
				CLANG_ENABLE_MODULES = YES;
				CLANG_ENABLE_OBJC_ARC = YES;
				CLANG_ENABLE_OBJC_WEAK = YES;
				CLANG_WARN_BLOCK_CAPTURE_AUTORELEASING = YES;
				CLANG_WARN_BOOL_CONVERSION = YES;
				CLANG_WARN_COMMA = YES;
				CLANG_WARN_CONSTANT_CONVERSION = YES;
				CLANG_WARN_DEPRECATED_OBJC_IMPLEMENTATIONS = YES;
				CLANG_WARN_DIRECT_OBJC_ISA_USAGE = YES_ERROR;
				CLANG_WARN_DOCUMENTATION_COMMENTS = YES;
				CLANG_WARN_EMPTY_BODY = YES;
				CLANG_WARN_ENUM_CONVERSION = YES;
				CLANG_WARN_INFINITE_RECURSION = YES;
				CLANG_WARN_INT_CONVERSION = YES;
				CLANG_WARN_NON_LITERAL_NULL_CONVERSION = YES;
				CLANG_WARN_OBJC_IMPLICIT_RETAIN_SELF = YES;
				CLANG_WARN_OBJC_LITERAL_CONVERSION = YES;
				CLANG_WARN_OBJC_ROOT_CLASS = YES_ERROR;
				CLANG_WARN_QUOTED_INCLUDE_IN_FRAMEWORK_HEADER = YES;
				CLANG_WARN_RANGE_LOOP_ANALYSIS = YES;
				CLANG_WARN_STRICT_PROTOTYPES = YES;
				CLANG_WARN_SUSPICIOUS_MOVE = YES;
				CLANG_WARN_UNGUARDED_AVAILABILITY = YES_AGGRESSIVE;
				CLANG_WARN_UNREACHABLE_CODE = YES;
				CLANG_WARN__DUPLICATE_METHOD_MATCH = YES;
				COPY_PHASE_STRIP = NO;
				DEBUG_INFORMATION_FORMAT = "dwarf-with-dsym";
				ENABLE_NS_ASSERTIONS = NO;
				ENABLE_STRICT_OBJC_MSGSEND = YES;
				GCC_C_LANGUAGE_STANDARD = gnu11;
				GCC_NO_COMMON_BLOCKS = YES;
				GCC_WARN_64_TO_32_BIT_CONVERSION = YES;
				GCC_WARN_ABOUT_RETURN_TYPE = YES_ERROR;
				GCC_WARN_UNDECLARED_SELECTOR = YES;
				GCC_WARN_UNINITIALIZED_AUTOS = YES_AGGRESSIVE;
				GCC_WARN_UNUSED_FUNCTION = YES;
				GCC_WARN_UNUSED_VARIABLE = YES;
				IPHONEOS_DEPLOYMENT_TARGET = 16.4;
				MTL_ENABLE_DEBUG_INFO = NO;
				MTL_FAST_MATH = YES;
				SDKROOT = iphoneos;
				SWIFT_COMPILATION_MODE = wholemodule;
				SWIFT_OPTIMIZATION_LEVEL = "-O";
				VALIDATE_PRODUCT = YES;
			};
			name = Release;
		};
		D4DBBD922A714AEA00F35B09 /* Debug */ = {
			isa = XCBuildConfiguration;
			buildSettings = {
				ASSETCATALOG_COMPILER_APPICON_NAME = AppIcon;
				ASSETCATALOG_COMPILER_GLOBAL_ACCENT_COLOR_NAME = AccentColor;
				CODE_SIGN_STYLE = Automatic;
				CURRENT_PROJECT_VERSION = 1;
				DEVELOPMENT_ASSET_PATHS = "\"EditColor/Preview Content\"";
				ENABLE_PREVIEWS = YES;
				GENERATE_INFOPLIST_FILE = YES;
				INFOPLIST_KEY_UIApplicationSceneManifest_Generation = YES;
				INFOPLIST_KEY_UIApplicationSupportsIndirectInputEvents = YES;
				INFOPLIST_KEY_UILaunchScreen_Generation = YES;
				INFOPLIST_KEY_UISupportedInterfaceOrientations_iPad = "UIInterfaceOrientationPortrait UIInterfaceOrientationPortraitUpsideDown UIInterfaceOrientationLandscapeLeft UIInterfaceOrientationLandscapeRight";
				INFOPLIST_KEY_UISupportedInterfaceOrientations_iPhone = "UIInterfaceOrientationPortrait UIInterfaceOrientationLandscapeLeft UIInterfaceOrientationLandscapeRight";
				LD_RUNPATH_SEARCH_PATHS = (
					"$(inherited)",
					"@executable_path/Frameworks",
				);
				MARKETING_VERSION = 1.0;
				PRODUCT_BUNDLE_IDENTIFIER = eyh.com.EditColor;
				PRODUCT_NAME = "$(TARGET_NAME)";
				SWIFT_EMIT_LOC_STRINGS = YES;
				SWIFT_VERSION = 5.0;
				TARGETED_DEVICE_FAMILY = "1,2";
			};
			name = Debug;
		};
		D4DBBD932A714AEA00F35B09 /* Release */ = {
			isa = XCBuildConfiguration;
			buildSettings = {
				ASSETCATALOG_COMPILER_APPICON_NAME = AppIcon;
				ASSETCATALOG_COMPILER_GLOBAL_ACCENT_COLOR_NAME = AccentColor;
				CODE_SIGN_STYLE = Automatic;
				CURRENT_PROJECT_VERSION = 1;
				DEVELOPMENT_ASSET_PATHS = "\"EditColor/Preview Content\"";
				ENABLE_PREVIEWS = YES;
				GENERATE_INFOPLIST_FILE = YES;
				INFOPLIST_KEY_UIApplicationSceneManifest_Generation = YES;
				INFOPLIST_KEY_UIApplicationSupportsIndirectInputEvents = YES;
				INFOPLIST_KEY_UILaunchScreen_Generation = YES;
				INFOPLIST_KEY_UISupportedInterfaceOrientations_iPad = "UIInterfaceOrientationPortrait UIInterfaceOrientationPortraitUpsideDown UIInterfaceOrientationLandscapeLeft UIInterfaceOrientationLandscapeRight";
				INFOPLIST_KEY_UISupportedInterfaceOrientations_iPhone = "UIInterfaceOrientationPortrait UIInterfaceOrientationLandscapeLeft UIInterfaceOrientationLandscapeRight";
				LD_RUNPATH_SEARCH_PATHS = (
					"$(inherited)",
					"@executable_path/Frameworks",
				);
				MARKETING_VERSION = 1.0;
				PRODUCT_BUNDLE_IDENTIFIER = eyh.com.EditColor;
				PRODUCT_NAME = "$(TARGET_NAME)";
				SWIFT_EMIT_LOC_STRINGS = YES;
				SWIFT_VERSION = 5.0;
				TARGETED_DEVICE_FAMILY = "1,2";
			};
			name = Release;
		};
		D4DBBD952A714AEA00F35B09 /* Debug */ = {
			isa = XCBuildConfiguration;
			buildSettings = {
				ALWAYS_EMBED_SWIFT_STANDARD_LIBRARIES = YES;
				BUNDLE_LOADER = "$(TEST_HOST)";
				CODE_SIGN_STYLE = Automatic;
				CURRENT_PROJECT_VERSION = 1;
				GENERATE_INFOPLIST_FILE = YES;
				IPHONEOS_DEPLOYMENT_TARGET = 16.4;
				MARKETING_VERSION = 1.0;
				PRODUCT_BUNDLE_IDENTIFIER = eyh.com.EditColorTests;
				PRODUCT_NAME = "$(TARGET_NAME)";
				SWIFT_EMIT_LOC_STRINGS = NO;
				SWIFT_VERSION = 5.0;
				TARGETED_DEVICE_FAMILY = "1,2";
				TEST_HOST = "$(BUILT_PRODUCTS_DIR)/EditColor.app/$(BUNDLE_EXECUTABLE_FOLDER_PATH)/EditColor";
			};
			name = Debug;
		};
		D4DBBD962A714AEA00F35B09 /* Release */ = {
			isa = XCBuildConfiguration;
			buildSettings = {
				ALWAYS_EMBED_SWIFT_STANDARD_LIBRARIES = YES;
				BUNDLE_LOADER = "$(TEST_HOST)";
				CODE_SIGN_STYLE = Automatic;
				CURRENT_PROJECT_VERSION = 1;
				GENERATE_INFOPLIST_FILE = YES;
				IPHONEOS_DEPLOYMENT_TARGET = 16.4;
				MARKETING_VERSION = 1.0;
				PRODUCT_BUNDLE_IDENTIFIER = eyh.com.EditColorTests;
				PRODUCT_NAME = "$(TARGET_NAME)";
				SWIFT_EMIT_LOC_STRINGS = NO;
				SWIFT_VERSION = 5.0;
				TARGETED_DEVICE_FAMILY = "1,2";
				TEST_HOST = "$(BUILT_PRODUCTS_DIR)/EditColor.app/$(BUNDLE_EXECUTABLE_FOLDER_PATH)/EditColor";
			};
			name = Release;
		};
		D4DBBD982A714AEA00F35B09 /* Debug */ = {
			isa = XCBuildConfiguration;
			buildSettings = {
				ALWAYS_EMBED_SWIFT_STANDARD_LIBRARIES = YES;
				CODE_SIGN_STYLE = Automatic;
				CURRENT_PROJECT_VERSION = 1;
				GENERATE_INFOPLIST_FILE = YES;
				MARKETING_VERSION = 1.0;
				PRODUCT_BUNDLE_IDENTIFIER = eyh.com.EditColorUITests;
				PRODUCT_NAME = "$(TARGET_NAME)";
				SWIFT_EMIT_LOC_STRINGS = NO;
				SWIFT_VERSION = 5.0;
				TARGETED_DEVICE_FAMILY = "1,2";
				TEST_TARGET_NAME = EditColor;
			};
			name = Debug;
		};
		D4DBBD992A714AEA00F35B09 /* Release */ = {
			isa = XCBuildConfiguration;
			buildSettings = {
				ALWAYS_EMBED_SWIFT_STANDARD_LIBRARIES = YES;
				CODE_SIGN_STYLE = Automatic;
				CURRENT_PROJECT_VERSION = 1;
				GENERATE_INFOPLIST_FILE = YES;
				MARKETING_VERSION = 1.0;
				PRODUCT_BUNDLE_IDENTIFIER = eyh.com.EditColorUITests;
				PRODUCT_NAME = "$(TARGET_NAME)";
				SWIFT_EMIT_LOC_STRINGS = NO;
				SWIFT_VERSION = 5.0;
				TARGETED_DEVICE_FAMILY = "1,2";
				TEST_TARGET_NAME = EditColor;
			};
			name = Release;
		};
/* End XCBuildConfiguration section */

/* Begin XCConfigurationList section */
		D4DBBD682A714AE900F35B09 /* Build configuration list for PBXProject "EditColor" */ = {
			isa = XCConfigurationList;
			buildConfigurations = (
				D4DBBD8F2A714AEA00F35B09 /* Debug */,
				D4DBBD902A714AEA00F35B09 /* Release */,
			);
			defaultConfigurationIsVisible = 0;
			defaultConfigurationName = Release;
		};
		D4DBBD912A714AEA00F35B09 /* Build configuration list for PBXNativeTarget "EditColor" */ = {
			isa = XCConfigurationList;
			buildConfigurations = (
				D4DBBD922A714AEA00F35B09 /* Debug */,
				D4DBBD932A714AEA00F35B09 /* Release */,
			);
			defaultConfigurationIsVisible = 0;
			defaultConfigurationName = Release;
		};
		D4DBBD942A714AEA00F35B09 /* Build configuration list for PBXNativeTarget "EditColorTests" */ = {
			isa = XCConfigurationList;
			buildConfigurations = (
				D4DBBD952A714AEA00F35B09 /* Debug */,
				D4DBBD962A714AEA00F35B09 /* Release */,
			);
			defaultConfigurationIsVisible = 0;
			defaultConfigurationName = Release;
		};
		D4DBBD972A714AEA00F35B09 /* Build configuration list for PBXNativeTarget "EditColorUITests" */ = {
			isa = XCConfigurationList;
			buildConfigurations = (
				D4DBBD982A714AEA00F35B09 /* Debug */,
				D4DBBD992A714AEA00F35B09 /* Release */,
			);
			defaultConfigurationIsVisible = 0;
			defaultConfigurationName = Release;
		};
/* End XCConfigurationList section */
	};
	rootObject = D4DBBD652A714AE900F35B09 /* Project object */;
}
